
Microsoft Visual Studio Solution File, Format Version 12.00
# Visual Studio Version 16
VisualStudioVersion = 16.0.29424.173
MinimumVisualStudioVersion = 10.0.40219.1
Project("{8BC9CEB8-8B4A-11D0-8D11-00A0C91BC942}") = "1.c", "1.c\1.c.vcxproj", "{E9869DE1-C4BA-4DAC-8BB1-E2CE9FB4CB3D}"
EndProject
Global
	GlobalSection(SolutionConfigurationPlatforms) = preSolution
		Debug|x64 = Debug|x64
		Debug|x86 = Debug|x86
		Release|x64 = Release|x64
		Release|x86 = Release|x86
	EndGlobalSection
	GlobalSection(ProjectConfigurationPlatforms) = postSolution
		{E9869DE1-C4BA-4DAC-8BB1-E2CE9FB4CB3D}.Debug|x64.ActiveCfg = Debug|x64
		{E9869DE1-C4BA-4DAC-8BB1-E2CE9FB4CB3D}.Debug|x64.Build.0 = Debug|x64
		{E9869DE1-C4BA-4DAC-8BB1-E2CE9FB4CB3D}.Debug|x86.ActiveCfg = Debug|Win32
		{E9869DE1-C4BA-4DAC-8BB1-E2CE9FB4CB3D}.Debug|x86.Build.0 = Debug|Win32
		{E9869DE1-C4BA-4DAC-8BB1-E2CE9FB4CB3D}.Release|x64.ActiveCfg = Release|x64
		{E9869DE1-C4BA-4DAC-8BB1-E2CE9FB4CB3D}.Release|x64.Build.0 = Release|x64
		{E9869DE1-C4BA-4DAC-8BB1-E2CE9FB4CB3D}.Release|x86.ActiveCfg = Release|Win32
		{E9869DE1-C4BA-4DAC-8BB1-E2CE9FB4CB3D}.Release|x86.Build.0 = Release|Win32
	EndGlobalSection
	GlobalSection(SolutionProperties) = preSolution
		HideSolutionNode = FALSE
	EndGlobalSection
	GlobalSection(ExtensibilityGlobals) = postSolution
		SolutionGuid = {3A090A15-118D-4402-959B-01515594F3BF}
	EndGlobalSection
EndGlobal
